PODS:
  - Alamofire (4.9.1)
  - AlamofireSwiftyJSON (1.0.2):
    - Alamofire (~> 4.0)
    - SwiftyJSON (~> 4.0)
  - IQKeyboardManager (6.5.12)
  - JGProgressHUD (2.2)
  - Kingfisher (7.9.0)
  - SwiftyJSON (4.3.0)

DEPENDENCIES:
  - Alamofire
  - AlamofireSwiftyJSON
  - IQKeyboardManager
  - JGProgressHUD
  - Kingfisher

SPEC REPOS:
  trunk:
    - Alamofire
    - AlamofireSwiftyJSON
    - IQKeyboardManager
    - JGProgressHUD
    - Kingfisher
    - SwiftyJSON

SPEC CHECKSUMS:
  Alamofire: 85e8a02c69d6020a0d734f6054870d7ecb75cf18
  AlamofireSwiftyJSON: 74ee3804bed06d07857daf1eeb1615c85dba3997
  IQKeyboardManager: b1fd66ccf7a79095bdcc4a2735231586f744216e
  JGProgressHUD: d83d7a981b85d11205e19ff8ad5bb9c40571c847
  Kingfisher: 59f908b6d2f403b0a3e539debb0eec05cb27002c
  SwiftyJSON: 6faa0040f8b59dead0ee07436cbf76b73c08fd08

PODFILE CHECKSUM: f69d725705843b63209690c29c747b659a6f80bc

COCOAPODS: 1.12.0
